
Microsoft Visual Studio Solution File, Format Version 12.00
# Visual Studio Version 17
VisualStudioVersion = 17.1.32210.238
MinimumVisualStudioVersion = 10.0.40219.1
Project("{9A19103F-16F7-4668-BE54-9A1E7A4F7556}") = "LogicSimulator", "LogicSimulator\LogicSimulator.csproj", "{2D37A497-749D-4636-804C-CD139E8316B6}"
EndProject
Project("{9A19103F-16F7-4668-BE54-9A1E7A4F7556}") = "LogicSimulator.Controls", "LogicSimulator.Controls\LogicSimulator.Controls.csproj", "{ADA81EFC-C2AC-4C8C-8AD2-ABA10FA7A9E8}"
EndProject
Project("{9A19103F-16F7-4668-BE54-9A1E7A4F7556}") = "LogicSimulator.AvalonDock", "LogicSimulator.AvalonDock\LogicSimulator.AvalonDock.csproj", "{153CBB5F-EA0F-437A-B926-397F6C21B442}"
EndProject
Project("{9A19103F-16F7-4668-BE54-9A1E7A4F7556}") = "LogicSimulator.Scene", "LogicSimulator.Scene\LogicSimulator.Scene.csproj", "{61CF4324-89B3-4EE8-938C-C06626BEB605}"
EndProject
Project("{8BC9CEB8-8B4A-11D0-8D11-00A0C91BC942}") = "Microsoft.Wpf.Interop.DirectX", "Microsoft.Wpf.Interop.DirectX\Microsoft.Wpf.Interop.DirectX.vcxproj", "{0DFED4DE-C1BF-4041-B08A-BA3A84C28EF6}"
EndProject
Project("{FAE04EC0-301F-11D3-BF4B-00C04F79EFBC}") = "LogicSimulator.MathParser", "LogicSimulator.MathParser\LogicSimulator.MathParser.csproj", "{8C7A6C42-BABF-497E-A421-BBCA9C3A72CF}"
EndProject
Global
	GlobalSection(SolutionConfigurationPlatforms) = preSolution
		Debug|Any CPU = Debug|Any CPU
		Debug|x64 = Debug|x64
		Debug|x86 = Debug|x86
		Release|Any CPU = Release|Any CPU
		Release|x64 = Release|x64
		Release|x86 = Release|x86
	EndGlobalSection
	GlobalSection(ProjectConfigurationPlatforms) = postSolution
		{2D37A497-749D-4636-804C-CD139E8316B6}.Debug|Any CPU.ActiveCfg = Debug|x64
		{2D37A497-749D-4636-804C-CD139E8316B6}.Debug|Any CPU.Build.0 = Debug|x64
		{2D37A497-749D-4636-804C-CD139E8316B6}.Debug|x64.ActiveCfg = Debug|x64
		{2D37A497-749D-4636-804C-CD139E8316B6}.Debug|x64.Build.0 = Debug|x64
		{2D37A497-749D-4636-804C-CD139E8316B6}.Debug|x86.ActiveCfg = Debug|x86
		{2D37A497-749D-4636-804C-CD139E8316B6}.Debug|x86.Build.0 = Debug|x86
		{2D37A497-749D-4636-804C-CD139E8316B6}.Release|Any CPU.ActiveCfg = Release|x64
		{2D37A497-749D-4636-804C-CD139E8316B6}.Release|Any CPU.Build.0 = Release|x64
		{2D37A497-749D-4636-804C-CD139E8316B6}.Release|x64.ActiveCfg = Release|x64
		{2D37A497-749D-4636-804C-CD139E8316B6}.Release|x64.Build.0 = Release|x64
		{2D37A497-749D-4636-804C-CD139E8316B6}.Release|x86.ActiveCfg = Release|x86
		{2D37A497-749D-4636-804C-CD139E8316B6}.Release|x86.Build.0 = Release|x86
		{ADA81EFC-C2AC-4C8C-8AD2-ABA10FA7A9E8}.Debug|Any CPU.ActiveCfg = Debug|x64
		{ADA81EFC-C2AC-4C8C-8AD2-ABA10FA7A9E8}.Debug|Any CPU.Build.0 = Debug|x64
		{ADA81EFC-C2AC-4C8C-8AD2-ABA10FA7A9E8}.Debug|x64.ActiveCfg = Debug|x64
		{ADA81EFC-C2AC-4C8C-8AD2-ABA10FA7A9E8}.Debug|x64.Build.0 = Debug|x64
		{ADA81EFC-C2AC-4C8C-8AD2-ABA10FA7A9E8}.Debug|x86.ActiveCfg = Debug|x86
		{ADA81EFC-C2AC-4C8C-8AD2-ABA10FA7A9E8}.Debug|x86.Build.0 = Debug|x86
		{ADA81EFC-C2AC-4C8C-8AD2-ABA10FA7A9E8}.Release|Any CPU.ActiveCfg = Release|x64
		{ADA81EFC-C2AC-4C8C-8AD2-ABA10FA7A9E8}.Release|Any CPU.Build.0 = Release|x64
		{ADA81EFC-C2AC-4C8C-8AD2-ABA10FA7A9E8}.Release|x64.ActiveCfg = Release|x64
		{ADA81EFC-C2AC-4C8C-8AD2-ABA10FA7A9E8}.Release|x64.Build.0 = Release|x64
		{ADA81EFC-C2AC-4C8C-8AD2-ABA10FA7A9E8}.Release|x86.ActiveCfg = Release|x86
		{ADA81EFC-C2AC-4C8C-8AD2-ABA10FA7A9E8}.Release|x86.Build.0 = Release|x86
		{153CBB5F-EA0F-437A-B926-397F6C21B442}.Debug|Any CPU.ActiveCfg = Debug|x64
		{153CBB5F-EA0F-437A-B926-397F6C21B442}.Debug|Any CPU.Build.0 = Debug|x64
		{153CBB5F-EA0F-437A-B926-397F6C21B442}.Debug|x64.ActiveCfg = Debug|x64
		{153CBB5F-EA0F-437A-B926-397F6C21B442}.Debug|x64.Build.0 = Debug|x64
		{153CBB5F-EA0F-437A-B926-397F6C21B442}.Debug|x86.ActiveCfg = Debug|x86
		{153CBB5F-EA0F-437A-B926-397F6C21B442}.Debug|x86.Build.0 = Debug|x86
		{153CBB5F-EA0F-437A-B926-397F6C21B442}.Release|Any CPU.ActiveCfg = Release|x64
		{153CBB5F-EA0F-437A-B926-397F6C21B442}.Release|Any CPU.Build.0 = Release|x64
		{153CBB5F-EA0F-437A-B926-397F6C21B442}.Release|x64.ActiveCfg = Release|x64
		{153CBB5F-EA0F-437A-B926-397F6C21B442}.Release|x64.Build.0 = Release|x64
		{153CBB5F-EA0F-437A-B926-397F6C21B442}.Release|x86.ActiveCfg = Release|x86
		{153CBB5F-EA0F-437A-B926-397F6C21B442}.Release|x86.Build.0 = Release|x86
		{61CF4324-89B3-4EE8-938C-C06626BEB605}.Debug|Any CPU.ActiveCfg = Debug|x64
		{61CF4324-89B3-4EE8-938C-C06626BEB605}.Debug|Any CPU.Build.0 = Debug|x64
		{61CF4324-89B3-4EE8-938C-C06626BEB605}.Debug|x64.ActiveCfg = Debug|x64
		{61CF4324-89B3-4EE8-938C-C06626BEB605}.Debug|x64.Build.0 = Debug|x64
		{61CF4324-89B3-4EE8-938C-C06626BEB605}.Debug|x86.ActiveCfg = Debug|x86
		{61CF4324-89B3-4EE8-938C-C06626BEB605}.Debug|x86.Build.0 = Debug|x86
		{61CF4324-89B3-4EE8-938C-C06626BEB605}.Release|Any CPU.ActiveCfg = Release|x64
		{61CF4324-89B3-4EE8-938C-C06626BEB605}.Release|Any CPU.Build.0 = Release|x64
		{61CF4324-89B3-4EE8-938C-C06626BEB605}.Release|x64.ActiveCfg = Release|x64
		{61CF4324-89B3-4EE8-938C-C06626BEB605}.Release|x64.Build.0 = Release|x64
		{61CF4324-89B3-4EE8-938C-C06626BEB605}.Release|x86.ActiveCfg = Release|x86
		{61CF4324-89B3-4EE8-938C-C06626BEB605}.Release|x86.Build.0 = Release|x86
		{0DFED4DE-C1BF-4041-B08A-BA3A84C28EF6}.Debug|Any CPU.ActiveCfg = Debug|x64
		{0DFED4DE-C1BF-4041-B08A-BA3A84C28EF6}.Debug|Any CPU.Build.0 = Debug|x64
		{0DFED4DE-C1BF-4041-B08A-BA3A84C28EF6}.Debug|x64.ActiveCfg = Debug|x64
		{0DFED4DE-C1BF-4041-B08A-BA3A84C28EF6}.Debug|x64.Build.0 = Debug|x64
		{0DFED4DE-C1BF-4041-B08A-BA3A84C28EF6}.Debug|x86.ActiveCfg = Debug|Win32
		{0DFED4DE-C1BF-4041-B08A-BA3A84C28EF6}.Debug|x86.Build.0 = Debug|Win32
		{0DFED4DE-C1BF-4041-B08A-BA3A84C28EF6}.Release|Any CPU.ActiveCfg = Release|x64
		{0DFED4DE-C1BF-4041-B08A-BA3A84C28EF6}.Release|Any CPU.Build.0 = Release|x64
		{0DFED4DE-C1BF-4041-B08A-BA3A84C28EF6}.Release|x64.ActiveCfg = Release|x64
		{0DFED4DE-C1BF-4041-B08A-BA3A84C28EF6}.Release|x64.Build.0 = Release|x64
		{0DFED4DE-C1BF-4041-B08A-BA3A84C28EF6}.Release|x86.ActiveCfg = Release|Win32
		{0DFED4DE-C1BF-4041-B08A-BA3A84C28EF6}.Release|x86.Build.0 = Release|Win32
		{8C7A6C42-BABF-497E-A421-BBCA9C3A72CF}.Debug|Any CPU.ActiveCfg = Debug|Any CPU
		{8C7A6C42-BABF-497E-A421-BBCA9C3A72CF}.Debug|Any CPU.Build.0 = Debug|Any CPU
		{8C7A6C42-BABF-497E-A421-BBCA9C3A72CF}.Debug|x64.ActiveCfg = Debug|Any CPU
		{8C7A6C42-BABF-497E-A421-BBCA9C3A72CF}.Debug|x64.Build.0 = Debug|Any CPU
		{8C7A6C42-BABF-497E-A421-BBCA9C3A72CF}.Debug|x86.ActiveCfg = Debug|Any CPU
		{8C7A6C42-BABF-497E-A421-BBCA9C3A72CF}.Debug|x86.Build.0 = Debug|Any CPU
		{8C7A6C42-BABF-497E-A421-BBCA9C3A72CF}.Release|Any CPU.ActiveCfg = Release|Any CPU
		{8C7A6C42-BABF-497E-A421-BBCA9C3A72CF}.Release|Any CPU.Build.0 = Release|Any CPU
		{8C7A6C42-BABF-497E-A421-BBCA9C3A72CF}.Release|x64.ActiveCfg = Release|Any CPU
		{8C7A6C42-BABF-497E-A421-BBCA9C3A72CF}.Release|x64.Build.0 = Release|Any CPU
		{8C7A6C42-BABF-497E-A421-BBCA9C3A72CF}.Release|x86.ActiveCfg = Release|Any CPU
		{8C7A6C42-BABF-497E-A421-BBCA9C3A72CF}.Release|x86.Build.0 = Release|Any CPU
	EndGlobalSection
	GlobalSection(SolutionProperties) = preSolution
		HideSolutionNode = FALSE
	EndGlobalSection
	GlobalSection(ExtensibilityGlobals) = postSolution
		SolutionGuid = {D8E54772-1567-4A4D-953D-2BEB5D811333}
	EndGlobalSection
EndGlobal
